
Microsoft Visual Studio Solution File, Format Version 12.00
Project("{FAE04EC0-301F-11D3-BF4B-00C04F79EFBC}") = "YatzyKata", "YatzyKata\YatzyKata.csproj", "{ACF12178-A2A3-4276-B216-7494B8F19D28}"
EndProject
Project("{FAE04EC0-301F-11D3-BF4B-00C04F79EFBC}") = "YatzyUnitTests", "YatzyUnitTests\YatzyUnitTests.csproj", "{9D878FD4-53D0-4DD1-8BA7-4857ABE182A9}"
EndProject
Global
	GlobalSection(SolutionConfigurationPlatforms) = preSolution
		Debug|Any CPU = Debug|Any CPU
		Release|Any CPU = Release|Any CPU
	EndGlobalSection
	GlobalSection(ProjectConfigurationPlatforms) = postSolution
		{ACF12178-A2A3-4276-B216-7494B8F19D28}.Debug|Any CPU.ActiveCfg = Debug|Any CPU
		{ACF12178-A2A3-4276-B216-7494B8F19D28}.Debug|Any CPU.Build.0 = Debug|Any CPU
		{ACF12178-A2A3-4276-B216-7494B8F19D28}.Release|Any CPU.ActiveCfg = Release|Any CPU
		{ACF12178-A2A3-4276-B216-7494B8F19D28}.Release|Any CPU.Build.0 = Release|Any CPU
		{9D878FD4-53D0-4DD1-8BA7-4857ABE182A9}.Debug|Any CPU.ActiveCfg = Debug|Any CPU
		{9D878FD4-53D0-4DD1-8BA7-4857ABE182A9}.Debug|Any CPU.Build.0 = Debug|Any CPU
		{9D878FD4-53D0-4DD1-8BA7-4857ABE182A9}.Release|Any CPU.ActiveCfg = Release|Any CPU
		{9D878FD4-53D0-4DD1-8BA7-4857ABE182A9}.Release|Any CPU.Build.0 = Release|Any CPU
	EndGlobalSection
EndGlobal
